{
  "name": "cube-connect",
  "version": "1.0.0",
  "lockfileVersion": 3,
  "requires": true,
  "packages": {
    "": {
      "name": "cube-connect",
      "version": "1.0.0",
      "license": "MIT",
      "dependencies": {
        "nanoid-dictionary": "^5.0.0"
      }
    },
    "node_modules/nanoid-dictionary": {
      "version": "5.0.0",
      "resolved": "https://registry.npmjs.org/nanoid-dictionary/-/nanoid-dictionary-5.0.0.tgz",
      "integrity": "sha512-/iCyQHwt36XkaIvSE9fcC8p6DiMPCZMTSMj9UT56Cv6T7f5CuxvOMhpNncaNieQ4z4d32p7ruEtAfRsb7Ya8Gw==",
      "license": "MIT"
    }
  }
}
